// !$*UTF8*$!
{
	archiveVersion = 1;
	classes = {
	};
	objectVersion = 50;
	objects = {

/* Begin PBXBuildFile section */
		B77FAEB8217DF1B400E8A947 /* AppDelegate.swift in Sources */ = {isa = PBXBuildFile; fileRef = B77FAEB7217DF1B400E8A947 /* AppDelegate.swift */; };
		B77FAEBD217DF1B400E8A947 /* Main.storyboard in Resources */ = {isa = PBXBuildFile; fileRef = B77FAEBB217DF1B400E8A947 /* Main.storyboard */; };
		B77FAEBF217DF1B500E8A947 /* Assets.xcassets in Resources */ = {isa = PBXBuildFile; fileRef = B77FAEBE217DF1B500E8A947 /* Assets.xcassets */; };
		B77FAF91217E076000E8A947 /* HockeySDK.framework in Frameworks */ = {isa = PBXBuildFile; fileRef = B77FAF76217DFA6100E8A947 /* HockeySDK.framework */; };
		B77FAF92217E076000E8A947 /* HockeySDK.framework in Embed Frameworks */ = {isa = PBXBuildFile; fileRef = B77FAF76217DFA6100E8A947 /* HockeySDK.framework */; settings = {ATTRIBUTES = (CodeSignOnCopy, RemoveHeadersOnCopy, ); }; };
		B77FAF9D217EFD3700E8A947 /* AuthenticationViewController.swift in Sources */ = {isa = PBXBuildFile; fileRef = B77FAF9C217EFD3700E8A947 /* AuthenticationViewController.swift */; };
		B77FAFA1217F009200E8A947 /* MetricsViewController.swift in Sources */ = {isa = PBXBuildFile; fileRef = B77FAF9E217F009200E8A947 /* MetricsViewController.swift */; };
		B77FAFA2217F009200E8A947 /* CrashesViewController.swift in Sources */ = {isa = PBXBuildFile; fileRef = B77FAF9F217F009200E8A947 /* CrashesViewController.swift */; };
		B77FAFA3217F009200E8A947 /* MainViewController.swift in Sources */ = {isa = PBXBuildFile; fileRef = B77FAFA0217F009200E8A947 /* MainViewController.swift */; };
/* End PBXBuildFile section */

/* Begin PBXContainerItemProxy section */
		B77FAF6F217DFA6100E8A947 /* PBXContainerItemProxy */ = {
			isa = PBXContainerItemProxy;
			containerPortal = B77FAF52217DFA3E00E8A947 /* HockeySDK.xcodeproj */;
			proxyType = 2;
			remoteGlobalIDString = 1E8040C31BDE322F007F8794;
			remoteInfo = HockeySDK;
		};
		B77FAF71217DFA6100E8A947 /* PBXContainerItemProxy */ = {
			isa = PBXContainerItemProxy;
			containerPortal = B77FAF52217DFA3E00E8A947 /* HockeySDK.xcodeproj */;
			proxyType = 2;
			remoteGlobalIDString = 1E5A459016F0DFC200B55C04;
			remoteInfo = HockeySDKTests;
		};
		B77FAF73217DFA6100E8A947 /* PBXContainerItemProxy */ = {
			isa = PBXContainerItemProxy;
			containerPortal = B77FAF52217DFA3E00E8A947 /* HockeySDK.xcodeproj */;
			proxyType = 2;
			remoteGlobalIDString = 1E59550A15B6F45800A03429;
			remoteInfo = HockeySDKResources;
		};
		B77FAF75217DFA6100E8A947 /* PBXContainerItemProxy */ = {
			isa = PBXContainerItemProxy;
			containerPortal = B77FAF52217DFA3E00E8A947 /* HockeySDK.xcodeproj */;
			proxyType = 2;
			remoteGlobalIDString = 1EB6173F1B0A30480035A986;
			remoteInfo = "HockeySDK Framework";
		};
		B77FAF77217DFA6100E8A947 /* PBXContainerItemProxy */ = {
			isa = PBXContainerItemProxy;
			containerPortal = B77FAF52217DFA3E00E8A947 /* HockeySDK.xcodeproj */;
			proxyType = 2;
			remoteGlobalIDString = 1EB617491B0A30480035A986;
			remoteInfo = "HockeySDK FrameworkTests";
		};
		B77FAF7B217DFA8C00E8A947 /* PBXContainerItemProxy */ = {
			isa = PBXContainerItemProxy;
			containerPortal = B77FAF52217DFA3E00E8A947 /* HockeySDK.xcodeproj */;
			proxyType = 1;
			remoteGlobalIDString = 1E59550915B6F45800A03429;
			remoteInfo = HockeySDKResources;
		};
		B77FAF8E217E06CD00E8A947 /* PBXContainerItemProxy */ = {
			isa = PBXContainerItemProxy;
			containerPortal = B77FAF52217DFA3E00E8A947 /* HockeySDK.xcodeproj */;
			proxyType = 1;
			remoteGlobalIDString = 1EB6173E1B0A30480035A986;
			remoteInfo = "HockeySDK Framework";
		};
		B77FAF93217E076000E8A947 /* PBXContainerItemProxy */ = {
			isa = PBXContainerItemProxy;
			containerPortal = B77FAF52217DFA3E00E8A947 /* HockeySDK.xcodeproj */;
			proxyType = 1;
			remoteGlobalIDString = 1EB6173E1B0A30480035A986;
			remoteInfo = "HockeySDK Framework";
		};
/* End PBXContainerItemProxy section */

/* Begin PBXCopyFilesBuildPhase section */
		B77FAF95217E076000E8A947 /* Embed Frameworks */ = {
			isa = PBXCopyFilesBuildPhase;
			buildActionMask = 2147483647;
			dstPath = "";
			dstSubfolderSpec = 10;
			files = (
				B77FAF92217E076000E8A947 /* HockeySDK.framework in Embed Frameworks */,
			);
			name = "Embed Frameworks";
			runOnlyForDeploymentPostprocessing = 0;
		};
/* End PBXCopyFilesBuildPhase section */

/* Begin PBXFileReference section */
		B77FAEB4217DF1B400E8A947 /* Sample.app */ = {isa = PBXFileReference; explicitFileType = wrapper.application; includeInIndex = 0; path = Sample.app; sourceTree = BUILT_PRODUCTS_DIR; };
		B77FAEB7217DF1B400E8A947 /* AppDelegate.swift */ = {isa = PBXFileReference; lastKnownFileType = sourcecode.swift; path = AppDelegate.swift; sourceTree = "<group>"; };
		B77FAEBC217DF1B400E8A947 /* Base */ = {isa = PBXFileReference; lastKnownFileType = file.storyboard; name = Base; path = Base.lproj/Main.storyboard; sourceTree = "<group>"; };
		B77FAEBE217DF1B500E8A947 /* Assets.xcassets */ = {isa = PBXFileReference; lastKnownFileType = folder.assetcatalog; path = Assets.xcassets; sourceTree = "<group>"; };
		B77FAEC0217DF1B500E8A947 /* Info.plist */ = {isa = PBXFileReference; lastKnownFileType = text.plist.xml; path = Info.plist; sourceTree = "<group>"; };
		B77FAF52217DFA3E00E8A947 /* HockeySDK.xcodeproj */ = {isa = PBXFileReference; lastKnownFileType = "wrapper.pb-project"; name = HockeySDK.xcodeproj; path = ../Support/HockeySDK.xcodeproj; sourceTree = "<group>"; };
		B77FAF9C217EFD3700E8A947 /* AuthenticationViewController.swift */ = {isa = PBXFileReference; fileEncoding = 4; lastKnownFileType = sourcecode.swift; path = AuthenticationViewController.swift; sourceTree = "<group>"; };
		B77FAF9E217F009200E8A947 /* MetricsViewController.swift */ = {isa = PBXFileReference; fileEncoding = 4; lastKnownFileType = sourcecode.swift; path = MetricsViewController.swift; sourceTree = "<group>"; };
		B77FAF9F217F009200E8A947 /* CrashesViewController.swift */ = {isa = PBXFileReference; fileEncoding = 4; lastKnownFileType = sourcecode.swift; path = CrashesViewController.swift; sourceTree = "<group>"; };
		B77FAFA0217F009200E8A947 /* MainViewController.swift */ = {isa = PBXFileReference; fileEncoding = 4; lastKnownFileType = sourcecode.swift; path = MainViewController.swift; sourceTree = "<group>"; };
/* End PBXFileReference section */

/* Begin PBXFrameworksBuildPhase section */
		B77FAEB1217DF1B400E8A947 /* Frameworks */ = {
			isa = PBXFrameworksBuildPhase;
			buildActionMask = 2147483647;
			files = (
				B77FAF91217E076000E8A947 /* HockeySDK.framework in Frameworks */,
			);
			runOnlyForDeploymentPostprocessing = 0;
		};
/* End PBXFrameworksBuildPhase section */

/* Begin PBXGroup section */
		B77FAEAB217DF1B400E8A947 = {
			isa = PBXGroup;
			children = (
				B77FAEB6217DF1B400E8A947 /* Sample */,
				B77FAEB5217DF1B400E8A947 /* Products */,
				B77FAF52217DFA3E00E8A947 /* HockeySDK.xcodeproj */,
				B77FAF7F217DFAFD00E8A947 /* Frameworks */,
			);
			sourceTree = "<group>";
		};
		B77FAEB5217DF1B400E8A947 /* Products */ = {
			isa = PBXGroup;
			children = (
				B77FAEB4217DF1B400E8A947 /* Sample.app */,
			);
			name = Products;
			sourceTree = "<group>";
		};
		B77FAEB6217DF1B400E8A947 /* Sample */ = {
			isa = PBXGroup;
			children = (
				B77FAEB7217DF1B400E8A947 /* AppDelegate.swift */,
				B77FAEBB217DF1B400E8A947 /* Main.storyboard */,
				B77FAF9B217EFBE100E8A947 /* ViewControllers */,
				B77FAEBE217DF1B500E8A947 /* Assets.xcassets */,
				B77FAEC0217DF1B500E8A947 /* Info.plist */,
			);
			path = Sample;
			sourceTree = "<group>";
		};
		B77FAF66217DFA6100E8A947 /* Products */ = {
			isa = PBXGroup;
			children = (
				B77FAF70217DFA6100E8A947 /* libHockeySDK.a */,
				B77FAF72217DFA6100E8A947 /* HockeySDKTests.xctest */,
				B77FAF74217DFA6100E8A947 /* HockeySDKResources.bundle */,
				B77FAF76217DFA6100E8A947 /* HockeySDK.framework */,
				B77FAF78217DFA6100E8A947 /* HockeySDK FrameworkTests.xctest */,
			);
			name = Products;
			sourceTree = "<group>";
		};
		B77FAF7F217DFAFD00E8A947 /* Frameworks */ = {
			isa = PBXGroup;
			children = (
			);
			name = Frameworks;
			sourceTree = "<group>";
		};
		B77FAF9B217EFBE100E8A947 /* ViewControllers */ = {
			isa = PBXGroup;
			children = (
				B77FAF9F217F009200E8A947 /* CrashesViewController.swift */,
				B77FAFA0217F009200E8A947 /* MainViewController.swift */,
				B77FAF9E217F009200E8A947 /* MetricsViewController.swift */,
				B77FAF9C217EFD3700E8A947 /* AuthenticationViewController.swift */,
			);
			path = ViewControllers;
			sourceTree = "<group>";
		};
/* End PBXGroup section */

/* Begin PBXNativeTarget section */
		B77FAEB3217DF1B400E8A947 /* Sample */ = {
			isa = PBXNativeTarget;
			buildConfigurationList = B77FAEC3217DF1B500E8A947 /* Build configuration list for PBXNativeTarget "Sample" */;
			buildPhases = (
				B77FAEB0217DF1B400E8A947 /* Sources */,
				B77FAEB1217DF1B400E8A947 /* Frameworks */,
				B77FAEB2217DF1B400E8A947 /* Resources */,
				B77FAF95217E076000E8A947 /* Embed Frameworks */,
			);
			buildRules = (
			);
			dependencies = (
				B77FAF7C217DFA8C00E8A947 /* PBXTargetDependency */,
				B77FAF8F217E06CD00E8A947 /* PBXTargetDependency */,
				B77FAF94217E076000E8A947 /* PBXTargetDependency */,
			);
			name = Sample;
			productName = Sample;
			productReference = B77FAEB4217DF1B400E8A947 /* Sample.app */;
			productType = "com.apple.product-type.application";
		};
/* End PBXNativeTarget section */

/* Begin PBXProject section */
		B77FAEAC217DF1B400E8A947 /* Project object */ = {
			isa = PBXProject;
			attributes = {
				LastSwiftUpdateCheck = 1010;
				LastUpgradeCheck = 1010;
				ORGANIZATIONNAME = HockeyApp;
				TargetAttributes = {
					B77FAEB3217DF1B400E8A947 = {
						CreatedOnToolsVersion = 10.1;
					};
				};
			};
			buildConfigurationList = B77FAEAF217DF1B400E8A947 /* Build configuration list for PBXProject "Sample" */;
			compatibilityVersion = "Xcode 9.3";
			developmentRegion = en;
			hasScannedForEncodings = 0;
			knownRegions = (
				en,
				Base,
			);
			mainGroup = B77FAEAB217DF1B400E8A947;
			productRefGroup = B77FAEB5217DF1B400E8A947 /* Products */;
			projectDirPath = "";
			projectReferences = (
				{
					ProductGroup = B77FAF66217DFA6100E8A947 /* Products */;
					ProjectRef = B77FAF52217DFA3E00E8A947 /* HockeySDK.xcodeproj */;
				},
			);
			projectRoot = "";
			targets = (
				B77FAEB3217DF1B400E8A947 /* Sample */,
			);
		};
/* End PBXProject section */

/* Begin PBXReferenceProxy section */
		B77FAF70217DFA6100E8A947 /* libHockeySDK.a */ = {
			isa = PBXReferenceProxy;
			fileType = archive.ar;
			path = libHockeySDK.a;
			remoteRef = B77FAF6F217DFA6100E8A947 /* PBXContainerItemProxy */;
			sourceTree = BUILT_PRODUCTS_DIR;
		};
		B77FAF72217DFA6100E8A947 /* HockeySDKTests.xctest */ = {
			isa = PBXReferenceProxy;
			fileType = wrapper.cfbundle;
			path = HockeySDKTests.xctest;
			remoteRef = B77FAF71217DFA6100E8A947 /* PBXContainerItemProxy */;
			sourceTree = BUILT_PRODUCTS_DIR;
		};
		B77FAF74217DFA6100E8A947 /* HockeySDKResources.bundle */ = {
			isa = PBXReferenceProxy;
			fileType = wrapper.cfbundle;
			path = HockeySDKResources.bundle;
			remoteRef = B77FAF73217DFA6100E8A947 /* PBXContainerItemProxy */;
			sourceTree = BUILT_PRODUCTS_DIR;
		};
		B77FAF76217DFA6100E8A947 /* HockeySDK.framework */ = {
			isa = PBXReferenceProxy;
			fileType = wrapper.framework;
			path = HockeySDK.framework;
			remoteRef = B77FAF75217DFA6100E8A947 /* PBXContainerItemProxy */;
			sourceTree = BUILT_PRODUCTS_DIR;
		};
		B77FAF78217DFA6100E8A947 /* HockeySDK FrameworkTests.xctest */ = {
			isa = PBXReferenceProxy;
			fileType = wrapper.cfbundle;
			path = "HockeySDK FrameworkTests.xctest";
			remoteRef = B77FAF77217DFA6100E8A947 /* PBXContainerItemProxy */;
			sourceTree = BUILT_PRODUCTS_DIR;
		};
/* End PBXReferenceProxy section */

/* Begin PBXResourcesBuildPhase section */
		B77FAEB2217DF1B400E8A947 /* Resources */ = {
			isa = PBXResourcesBuildPhase;
			buildActionMask = 2147483647;
			files = (
				B77FAEBF217DF1B500E8A947 /* Assets.xcassets in Resources */,
				B77FAEBD217DF1B400E8A947 /* Main.storyboard in Resources */,
			);
			runOnlyForDeploymentPostprocessing = 0;
		};
/* End PBXResourcesBuildPhase section */

/* Begin PBXSourcesBuildPhase section */
		B77FAEB0217DF1B400E8A947 /* Sources */ = {
			isa = PBXSourcesBuildPhase;
			buildActionMask = 2147483647;
			files = (
				B77FAFA2217F009200E8A947 /* CrashesViewController.swift in Sources */,
				B77FAFA1217F009200E8A947 /* MetricsViewController.swift in Sources */,
				B77FAFA3217F009200E8A947 /* MainViewController.swift in Sources */,
				B77FAF9D217EFD3700E8A947 /* AuthenticationViewController.swift in Sources */,
				B77FAEB8217DF1B400E8A947 /* AppDelegate.swift in Sources */,
			);
			runOnlyForDeploymentPostprocessing = 0;
		};
/* End PBXSourcesBuildPhase section */

/* Begin PBXTargetDependency section */
		B77FAF7C217DFA8C00E8A947 /* PBXTargetDependency */ = {
			isa = PBXTargetDependency;
			name = HockeySDKResources;
			targetProxy = B77FAF7B217DFA8C00E8A947 /* PBXContainerItemProxy */;
		};
		B77FAF8F217E06CD00E8A947 /* PBXTargetDependency */ = {
			isa = PBXTargetDependency;
			name = "HockeySDK Framework";
			targetProxy = B77FAF8E217E06CD00E8A947 /* PBXContainerItemProxy */;
		};
		B77FAF94217E076000E8A947 /* PBXTargetDependency */ = {
			isa = PBXTargetDependency;
			name = "HockeySDK Framework";
			targetProxy = B77FAF93217E076000E8A947 /* PBXContainerItemProxy */;
		};
/* End PBXTargetDependency section */

/* Begin PBXVariantGroup section */
		B77FAEBB217DF1B400E8A947 /* Main.storyboard */ = {
			isa = PBXVariantGroup;
			children = (
				B77FAEBC217DF1B400E8A947 /* Base */,
			);
			name = Main.storyboard;
			sourceTree = "<group>";
		};
/* End PBXVariantGroup section */

/* Begin XCBuildConfiguration section */
		B77FAEC1217DF1B500E8A947 /* Debug */ = {
			isa = XCBuildConfiguration;
			buildSettings = {
				ALWAYS_SEARCH_USER_PATHS = NO;
				CLANG_ANALYZER_NONNULL = YES;
				CLANG_ANALYZER_NUMBER_OBJECT_CONVERSION = YES_AGGRESSIVE;
				CLANG_CXX_LANGUAGE_STANDARD = "gnu++14";
				CLANG_CXX_LIBRARY = "libc++";
				CLANG_ENABLE_MODULES = YES;
				CLANG_ENABLE_OBJC_ARC = YES;
				CLANG_ENABLE_OBJC_WEAK = YES;
				CLANG_WARN_BLOCK_CAPTURE_AUTORELEASING = YES;
				CLANG_WARN_BOOL_CONVERSION = YES;
				CLANG_WARN_COMMA = YES;
				CLANG_WARN_CONSTANT_CONVERSION = YES;
				CLANG_WARN_DEPRECATED_OBJC_IMPLEMENTATIONS = YES;
				CLANG_WARN_DIRECT_OBJC_ISA_USAGE = YES_ERROR;
				CLANG_WARN_DOCUMENTATION_COMMENTS = YES;
				CLANG_WARN_EMPTY_BODY = YES;
				CLANG_WARN_ENUM_CONVERSION = YES;
				CLANG_WARN_INFINITE_RECURSION = YES;
				CLANG_WARN_INT_CONVERSION = YES;
				CLANG_WARN_NON_LITERAL_NULL_CONVERSION = YES;
				CLANG_WARN_OBJC_IMPLICIT_RETAIN_SELF = YES;
				CLANG_WARN_OBJC_LITERAL_CONVERSION = YES;
				CLANG_WARN_OBJC_ROOT_CLASS = YES_ERROR;
				CLANG_WARN_RANGE_LOOP_ANALYSIS = YES;
				CLANG_WARN_STRICT_PROTOTYPES = YES;
				CLANG_WARN_SUSPICIOUS_MOVE = YES;
				CLANG_WARN_UNGUARDED_AVAILABILITY = YES_AGGRESSIVE;
				CLANG_WARN_UNREACHABLE_CODE = YES;
				CLANG_WARN__DUPLICATE_METHOD_MATCH = YES;
				COPY_PHASE_STRIP = NO;
				DEBUG_INFORMATION_FORMAT = dwarf;
				ENABLE_STRICT_OBJC_MSGSEND = YES;
				ENABLE_TESTABILITY = YES;
				GCC_C_LANGUAGE_STANDARD = gnu11;
				GCC_DYNAMIC_NO_PIC = NO;
				GCC_NO_COMMON_BLOCKS = YES;
				GCC_OPTIMIZATION_LEVEL = 0;
				GCC_PREPROCESSOR_DEFINITIONS = (
					"DEBUG=1",
					"$(inherited)",
				);
				GCC_WARN_64_TO_32_BIT_CONVERSION = YES;
				GCC_WARN_ABOUT_RETURN_TYPE = YES_ERROR;
				GCC_WARN_UNDECLARED_SELECTOR = YES;
				GCC_WARN_UNINITIALIZED_AUTOS = YES_AGGRESSIVE;
				GCC_WARN_UNUSED_FUNCTION = YES;
				GCC_WARN_UNUSED_VARIABLE = YES;
				MTL_ENABLE_DEBUG_INFO = INCLUDE_SOURCE;
				MTL_FAST_MATH = YES;
				ONLY_ACTIVE_ARCH = YES;
				SDKROOT = appletvos;
				SWIFT_ACTIVE_COMPILATION_CONDITIONS = DEBUG;
				SWIFT_OPTIMIZATION_LEVEL = "-Onone";
				TVOS_DEPLOYMENT_TARGET = 12.1;
			};
			name = Debug;
		};
		B77FAEC2217DF1B500E8A947 /* Release */ = {
			isa = XCBuildConfiguration;
			buildSettings = {
				ALWAYS_SEARCH_USER_PATHS = NO;
				CLANG_ANALYZER_NONNULL = YES;
				CLANG_ANALYZER_NUMBER_OBJECT_CONVERSION = YES_AGGRESSIVE;
				CLANG_CXX_LANGUAGE_STANDARD = "gnu++14";
				CLANG_CXX_LIBRARY = "libc++";
				CLANG_ENABLE_MODULES = YES;
				CLANG_ENABLE_OBJC_ARC = YES;
				CLANG_ENABLE_OBJC_WEAK = YES;
				CLANG_WARN_BLOCK_CAPTURE_AUTORELEASING = YES;
				CLANG_WARN_BOOL_CONVERSION = YES;
				CLANG_WARN_COMMA = YES;
				CLANG_WARN_CONSTANT_CONVERSION = YES;
				CLANG_WARN_DEPRECATED_OBJC_IMPLEMENTATIONS = YES;
				CLANG_WARN_DIRECT_OBJC_ISA_USAGE = YES_ERROR;
				CLANG_WARN_DOCUMENTATION_COMMENTS = YES;
				CLANG_WARN_EMPTY_BODY = YES;
				CLANG_WARN_ENUM_CONVERSION = YES;
				CLANG_WARN_INFINITE_RECURSION = YES;
				CLANG_WARN_INT_CONVERSION = YES;
				CLANG_WARN_NON_LITERAL_NULL_CONVERSION = YES;
				CLANG_WARN_OBJC_IMPLICIT_RETAIN_SELF = YES;
				CLANG_WARN_OBJC_LITERAL_CONVERSION = YES;
				CLANG_WARN_OBJC_ROOT_CLASS = YES_ERROR;
				CLANG_WARN_RANGE_LOOP_ANALYSIS = YES;
				CLANG_WARN_STRICT_PROTOTYPES = YES;
				CLANG_WARN_SUSPICIOUS_MOVE = YES;
				CLANG_WARN_UNGUARDED_AVAILABILITY = YES_AGGRESSIVE;
				CLANG_WARN_UNREACHABLE_CODE = YES;
				CLANG_WARN__DUPLICATE_METHOD_MATCH = YES;
				COPY_PHASE_STRIP = NO;
				DEBUG_INFORMATION_FORMAT = "dwarf-with-dsym";
				ENABLE_NS_ASSERTIONS = NO;
				ENABLE_STRICT_OBJC_MSGSEND = YES;
				GCC_C_LANGUAGE_STANDARD = gnu11;
				GCC_NO_COMMON_BLOCKS = YES;
				GCC_WARN_64_TO_32_BIT_CONVERSION = YES;
				GCC_WARN_ABOUT_RETURN_TYPE = YES_ERROR;
				GCC_WARN_UNDECLARED_SELECTOR = YES;
				GCC_WARN_UNINITIALIZED_AUTOS = YES_AGGRESSIVE;
				GCC_WARN_UNUSED_FUNCTION = YES;
				GCC_WARN_UNUSED_VARIABLE = YES;
				MTL_ENABLE_DEBUG_INFO = NO;
				MTL_FAST_MATH = YES;
				SDKROOT = appletvos;
				SWIFT_COMPILATION_MODE = wholemodule;
				SWIFT_OPTIMIZATION_LEVEL = "-O";
				TVOS_DEPLOYMENT_TARGET = 12.1;
				VALIDATE_PRODUCT = YES;
			};
			name = Release;
		};
		B77FAEC4217DF1B500E8A947 /* Debug */ = {
			isa = XCBuildConfiguration;
			buildSettings = {
				ASSETCATALOG_COMPILER_APPICON_NAME = "App Icon & Top Shelf Image";
				ASSETCATALOG_COMPILER_LAUNCHIMAGE_NAME = "Launch Image";
				CODE_SIGN_STYLE = Automatic;
				DEVELOPMENT_TEAM = 5Z97G9NZQ6;
				INFOPLIST_FILE = Sample/Info.plist;
				LD_RUNPATH_SEARCH_PATHS = (
					"$(inherited)",
					"@executable_path/Frameworks",
				);
				PRODUCT_BUNDLE_IDENTIFIER = net.hockeyapp.Sample;
				PRODUCT_NAME = "$(TARGET_NAME)";
				SWIFT_VERSION = 4.2;
				TARGETED_DEVICE_FAMILY = 3;
				TVOS_DEPLOYMENT_TARGET = 10;
			};
			name = Debug;
		};
		B77FAEC5217DF1B500E8A947 /* Release */ = {
			isa = XCBuildConfiguration;
			buildSettings = {
				ASSETCATALOG_COMPILER_APPICON_NAME = "App Icon & Top Shelf Image";
				ASSETCATALOG_COMPILER_LAUNCHIMAGE_NAME = "Launch Image";
				CODE_SIGN_STYLE = Automatic;
				DEVELOPMENT_TEAM = 5Z97G9NZQ6;
				INFOPLIST_FILE = Sample/Info.plist;
				LD_RUNPATH_SEARCH_PATHS = (
					"$(inherited)",
					"@executable_path/Frameworks",
				);
				PRODUCT_BUNDLE_IDENTIFIER = net.hockeyapp.Sample;
				PRODUCT_NAME = "$(TARGET_NAME)";
				SWIFT_VERSION = 4.2;
				TARGETED_DEVICE_FAMILY = 3;
				TVOS_DEPLOYMENT_TARGET = 10;
			};
			name = Release;
		};
/* End XCBuildConfiguration section */

/* Begin XCConfigurationList section */
		B77FAEAF217DF1B400E8A947 /* Build configuration list for PBXProject "Sample" */ = {
			isa = XCConfigurationList;
			buildConfigurations = (
				B77FAEC1217DF1B500E8A947 /* Debug */,
				B77FAEC2217DF1B500E8A947 /* Release */,
			);
			defaultConfigurationIsVisible = 0;
			defaultConfigurationName = Release;
		};
		B77FAEC3217DF1B500E8A947 /* Build configuration list for PBXNativeTarget "Sample" */ = {
			isa = XCConfigurationList;
			buildConfigurations = (
				B77FAEC4217DF1B500E8A947 /* Debug */,
				B77FAEC5217DF1B500E8A947 /* Release */,
			);
			defaultConfigurationIsVisible = 0;
			defaultConfigurationName = Release;
		};
/* End XCConfigurationList section */
	};
	rootObject = B77FAEAC217DF1B400E8A947 /* Project object */;
}
